
Microsoft Visual Studio Solution File, Format Version 12.00
# Visual Studio Version 17
VisualStudioVersion = 17.14.36414.22
MinimumVisualStudioVersion = 10.0.40219.1
Project("{2150E333-8FDC-42A3-9474-1A3956D46DE8}") = "Solution Items", "Solution Items", "{8EC462FD-D22E-90A8-E5CE-7E832BA40C5D}"
	ProjectSection(SolutionItems) = preProject
		docker-compose.yaml = docker-compose.yaml
		LICENSE = LICENSE
		README.md = README.md
	EndProjectSection
EndProject
Project("{FAE04EC0-301F-11D3-BF4B-00C04F79EFBC}") = "Morsley.UK.Mobile", "Morsley.UK.Mobile\Morsley.UK.Mobile.csproj", "{D9508508-CBBA-966F-D64D-78C18EE816B3}"
EndProject
Project("{FAE04EC0-301F-11D3-BF4B-00C04F79EFBC}") = "Morsley.UK.Mobile.Console", "Morsley.UK.Mobile.Console\Morsley.UK.Mobile.Console.csproj", "{B3F64929-6869-A921-4585-0907A4E0F1BE}"
EndProject
Project("{FAE04EC0-301F-11D3-BF4B-00C04F79EFBC}") = "Morsley.UK.Mobile.API", "Morsley.UK.Mobile.API\Morsley.UK.Mobile.API.csproj", "{F75D5113-6912-45A2-9299-948B983F3215}"
EndProject
Project("{2150E333-8FDC-42A3-9474-1A3956D46DE8}") = "AzureDevOps", "AzureDevOps", "{02EA681E-C7D8-13C7-8484-4AC65E1B71E8}"
	ProjectSection(SolutionItems) = preProject
		pipeline-cd.yaml = pipeline-cd.yaml
		pipeline-ci.yaml = pipeline-ci.yaml
	EndProjectSection
EndProject
Global
	GlobalSection(SolutionConfigurationPlatforms) = preSolution
		Debug|Any CPU = Debug|Any CPU
		Release|Any CPU = Release|Any CPU
	EndGlobalSection
	GlobalSection(ProjectConfigurationPlatforms) = postSolution
		{D9508508-CBBA-966F-D64D-78C18EE816B3}.Debug|Any CPU.ActiveCfg = Debug|Any CPU
		{D9508508-CBBA-966F-D64D-78C18EE816B3}.Debug|Any CPU.Build.0 = Debug|Any CPU
		{D9508508-CBBA-966F-D64D-78C18EE816B3}.Release|Any CPU.ActiveCfg = Release|Any CPU
		{D9508508-CBBA-966F-D64D-78C18EE816B3}.Release|Any CPU.Build.0 = Release|Any CPU
		{B3F64929-6869-A921-4585-0907A4E0F1BE}.Debug|Any CPU.ActiveCfg = Debug|Any CPU
		{B3F64929-6869-A921-4585-0907A4E0F1BE}.Debug|Any CPU.Build.0 = Debug|Any CPU
		{B3F64929-6869-A921-4585-0907A4E0F1BE}.Release|Any CPU.ActiveCfg = Release|Any CPU
		{B3F64929-6869-A921-4585-0907A4E0F1BE}.Release|Any CPU.Build.0 = Release|Any CPU
		{F75D5113-6912-45A2-9299-948B983F3215}.Debug|Any CPU.ActiveCfg = Debug|Any CPU
		{F75D5113-6912-45A2-9299-948B983F3215}.Debug|Any CPU.Build.0 = Debug|Any CPU
		{F75D5113-6912-45A2-9299-948B983F3215}.Release|Any CPU.ActiveCfg = Release|Any CPU
		{F75D5113-6912-45A2-9299-948B983F3215}.Release|Any CPU.Build.0 = Release|Any CPU
	EndGlobalSection
	GlobalSection(SolutionProperties) = preSolution
		HideSolutionNode = FALSE
	EndGlobalSection
	GlobalSection(NestedProjects) = preSolution
		{02EA681E-C7D8-13C7-8484-4AC65E1B71E8} = {8EC462FD-D22E-90A8-E5CE-7E832BA40C5D}
	EndGlobalSection
	GlobalSection(ExtensibilityGlobals) = postSolution
		SolutionGuid = {42870848-3EE7-4337-9820-BCCCB77D87BB}
	EndGlobalSection
EndGlobal
